// !$*UTF8*$!
{
	archiveVersion = 1;
	classes = {
	};
	objectVersion = 77;
	objects = {

/* Begin PBXContainerItemProxy section */
		79EAE0C02E24673E00E1F2BC /* PBXContainerItemProxy */ = {
			isa = PBXContainerItemProxy;
			containerPortal = 79EAE0AA2E24673A00E1F2BC /* Project object */;
			proxyType = 1;
			remoteGlobalIDString = 79EAE0B12E24673B00E1F2BC;
			remoteInfo = MemeFortuneTeller;
		};
		79EAE0CA2E24673E00E1F2BC /* PBXContainerItemProxy */ = {
			isa = PBXContainerItemProxy;
			containerPortal = 79EAE0AA2E24673A00E1F2BC /* Project object */;
			proxyType = 1;
			remoteGlobalIDString = 79EAE0B12E24673B00E1F2BC;
			remoteInfo = MemeFortuneTeller;
		};
/* End PBXContainerItemProxy section */

/* Begin PBXFileReference section */
		79EAE0B22E24673B00E1F2BC /* MemeFortuneTeller.app */ = {isa = PBXFileReference; explicitFileType = wrapper.application; includeInIndex = 0; path = MemeFortuneTeller.app; sourceTree = BUILT_PRODUCTS_DIR; };
		79EAE0BF2E24673E00E1F2BC /* MemeFortuneTellerTests.xctest */ = {isa = PBXFileReference; explicitFileType = wrapper.cfbundle; includeInIndex = 0; path = MemeFortuneTellerTests.xctest; sourceTree = BUILT_PRODUCTS_DIR; };
		79EAE0C92E24673E00E1F2BC /* MemeFortuneTellerUITests.xctest */ = {isa = PBXFileReference; explicitFileType = wrapper.cfbundle; includeInIndex = 0; path = MemeFortuneTellerUITests.xctest; sourceTree = BUILT_PRODUCTS_DIR; };
/* End PBXFileReference section */

/* Begin PBXFileSystemSynchronizedRootGroup section */
		79EAE0B42E24673B00E1F2BC /* MemeFortuneTeller */ = {
			isa = PBXFileSystemSynchronizedRootGroup;
			path = MemeFortuneTeller;
			sourceTree = "<group>";
		};
		79EAE0C22E24673E00E1F2BC /* MemeFortuneTellerTests */ = {
			isa = PBXFileSystemSynchronizedRootGroup;
			path = MemeFortuneTellerTests;
			sourceTree = "<group>";
		};
		79EAE0CC2E24673E00E1F2BC /* MemeFortuneTellerUITests */ = {
			isa = PBXFileSystemSynchronizedRootGroup;
			path = MemeFortuneTellerUITests;
			sourceTree = "<group>";
		};
/* End PBXFileSystemSynchronizedRootGroup section */

/* Begin PBXFrameworksBuildPhase section */
		79EAE0AF2E24673B00E1F2BC /* Frameworks */ = {
			isa = PBXFrameworksBuildPhase;
			buildActionMask = 2147483647;
			files = (
			);
			runOnlyForDeploymentPostprocessing = 0;
		};
		79EAE0BC2E24673E00E1F2BC /* Frameworks */ = {
			isa = PBXFrameworksBuildPhase;
			buildActionMask = 2147483647;
			files = (
			);
			runOnlyForDeploymentPostprocessing = 0;
		};
		79EAE0C62E24673E00E1F2BC /* Frameworks */ = {
			isa = PBXFrameworksBuildPhase;
			buildActionMask = 2147483647;
			files = (
			);
			runOnlyForDeploymentPostprocessing = 0;
		};
/* End PBXFrameworksBuildPhase section */

/* Begin PBXGroup section */
		79EAE0A92E24673A00E1F2BC = {
			isa = PBXGroup;
			children = (
				79EAE0B42E24673B00E1F2BC /* MemeFortuneTeller */,
				79EAE0C22E24673E00E1F2BC /* MemeFortuneTellerTests */,
				79EAE0CC2E24673E00E1F2BC /* MemeFortuneTellerUITests */,
				79EAE0B32E24673B00E1F2BC /* Products */,
			);
			sourceTree = "<group>";
		};
		79EAE0B32E24673B00E1F2BC /* Products */ = {
			isa = PBXGroup;
			children = (
				79EAE0B22E24673B00E1F2BC /* MemeFortuneTeller.app */,
				79EAE0BF2E24673E00E1F2BC /* MemeFortuneTellerTests.xctest */,
				79EAE0C92E24673E00E1F2BC /* MemeFortuneTellerUITests.xctest */,
			);
			name = Products;
			sourceTree = "<group>";
		};
/* End PBXGroup section */

/* Begin PBXNativeTarget section */
		79EAE0B12E24673B00E1F2BC /* MemeFortuneTeller */ = {
			isa = PBXNativeTarget;
			buildConfigurationList = 79EAE0D32E24673E00E1F2BC /* Build configuration list for PBXNativeTarget "MemeFortuneTeller" */;
			buildPhases = (
				79EAE0AE2E24673B00E1F2BC /* Sources */,
				79EAE0AF2E24673B00E1F2BC /* Frameworks */,
				79EAE0B02E24673B00E1F2BC /* Resources */,
			);
			buildRules = (
			);
			dependencies = (
			);
			fileSystemSynchronizedGroups = (
				79EAE0B42E24673B00E1F2BC /* MemeFortuneTeller */,
			);
			name = MemeFortuneTeller;
			packageProductDependencies = (
			);
			productName = MemeFortuneTeller;
			productReference = 79EAE0B22E24673B00E1F2BC /* MemeFortuneTeller.app */;
			productType = "com.apple.product-type.application";
		};
		79EAE0BE2E24673E00E1F2BC /* MemeFortuneTellerTests */ = {
			isa = PBXNativeTarget;
			buildConfigurationList = 79EAE0D62E24673E00E1F2BC /* Build configuration list for PBXNativeTarget "MemeFortuneTellerTests" */;
			buildPhases = (
				79EAE0BB2E24673E00E1F2BC /* Sources */,
				79EAE0BC2E24673E00E1F2BC /* Frameworks */,
				79EAE0BD2E24673E00E1F2BC /* Resources */,
			);
			buildRules = (
			);
			dependencies = (
				79EAE0C12E24673E00E1F2BC /* PBXTargetDependency */,
			);
			fileSystemSynchronizedGroups = (
				79EAE0C22E24673E00E1F2BC /* MemeFortuneTellerTests */,
			);
			name = MemeFortuneTellerTests;
			packageProductDependencies = (
			);
			productName = MemeFortuneTellerTests;
			productReference = 79EAE0BF2E24673E00E1F2BC /* MemeFortuneTellerTests.xctest */;
			productType = "com.apple.product-type.bundle.unit-test";
		};
		79EAE0C82E24673E00E1F2BC /* MemeFortuneTellerUITests */ = {
			isa = PBXNativeTarget;
			buildConfigurationList = 79EAE0D92E24673E00E1F2BC /* Build configuration list for PBXNativeTarget "MemeFortuneTellerUITests" */;
			buildPhases = (
				79EAE0C52E24673E00E1F2BC /* Sources */,
				79EAE0C62E24673E00E1F2BC /* Frameworks */,
				79EAE0C72E24673E00E1F2BC /* Resources */,
			);
			buildRules = (
			);
			dependencies = (
				79EAE0CB2E24673E00E1F2BC /* PBXTargetDependency */,
			);
			fileSystemSynchronizedGroups = (
				79EAE0CC2E24673E00E1F2BC /* MemeFortuneTellerUITests */,
			);
			name = MemeFortuneTellerUITests;
			packageProductDependencies = (
			);
			productName = MemeFortuneTellerUITests;
			productReference = 79EAE0C92E24673E00E1F2BC /* MemeFortuneTellerUITests.xctest */;
			productType = "com.apple.product-type.bundle.ui-testing";
		};
/* End PBXNativeTarget section */

/* Begin PBXProject section */
		79EAE0AA2E24673A00E1F2BC /* Project object */ = {
			isa = PBXProject;
			attributes = {
				BuildIndependentTargetsInParallel = 1;
				LastSwiftUpdateCheck = 1640;
				LastUpgradeCheck = 1640;
				TargetAttributes = {
					79EAE0B12E24673B00E1F2BC = {
						CreatedOnToolsVersion = 16.4;
					};
					79EAE0BE2E24673E00E1F2BC = {
						CreatedOnToolsVersion = 16.4;
						TestTargetID = 79EAE0B12E24673B00E1F2BC;
					};
					79EAE0C82E24673E00E1F2BC = {
						CreatedOnToolsVersion = 16.4;
						TestTargetID = 79EAE0B12E24673B00E1F2BC;
					};
				};
			};
			buildConfigurationList = 79EAE0AD2E24673A00E1F2BC /* Build configuration list for PBXProject "MemeFortuneTeller" */;
			developmentRegion = en;
			hasScannedForEncodings = 0;
			knownRegions = (
				en,
				Base,
			);
			mainGroup = 79EAE0A92E24673A00E1F2BC;
			minimizedProjectReferenceProxies = 1;
			preferredProjectObjectVersion = 77;
			productRefGroup = 79EAE0B32E24673B00E1F2BC /* Products */;
			projectDirPath = "";
			projectRoot = "";
			targets = (
				79EAE0B12E24673B00E1F2BC /* MemeFortuneTeller */,
				79EAE0BE2E24673E00E1F2BC /* MemeFortuneTellerTests */,
				79EAE0C82E24673E00E1F2BC /* MemeFortuneTellerUITests */,
			);
		};
/* End PBXProject section */

/* Begin PBXResourcesBuildPhase section */
		79EAE0B02E24673B00E1F2BC /* Resources */ = {
			isa = PBXResourcesBuildPhase;
			buildActionMask = 2147483647;
			files = (
			);
			runOnlyForDeploymentPostprocessing = 0;
		};
		79EAE0BD2E24673E00E1F2BC /* Resources */ = {
			isa = PBXResourcesBuildPhase;
			buildActionMask = 2147483647;
			files = (
			);
			runOnlyForDeploymentPostprocessing = 0;
		};
		79EAE0C72E24673E00E1F2BC /* Resources */ = {
			isa = PBXResourcesBuildPhase;
			buildActionMask = 2147483647;
			files = (
			);
			runOnlyForDeploymentPostprocessing = 0;
		};
/* End PBXResourcesBuildPhase section */

/* Begin PBXSourcesBuildPhase section */
		79EAE0AE2E24673B00E1F2BC /* Sources */ = {
			isa = PBXSourcesBuildPhase;
			buildActionMask = 2147483647;
			files = (
			);
			runOnlyForDeploymentPostprocessing = 0;
		};
		79EAE0BB2E24673E00E1F2BC /* Sources */ = {
			isa = PBXSourcesBuildPhase;
			buildActionMask = 2147483647;
			files = (
			);
			runOnlyForDeploymentPostprocessing = 0;
		};
		79EAE0C52E24673E00E1F2BC /* Sources */ = {
			isa = PBXSourcesBuildPhase;
			buildActionMask = 2147483647;
			files = (
			);
			runOnlyForDeploymentPostprocessing = 0;
		};
/* End PBXSourcesBuildPhase section */

/* Begin PBXTargetDependency section */
		79EAE0C12E24673E00E1F2BC /* PBXTargetDependency */ = {
			isa = PBXTargetDependency;
			target = 79EAE0B12E24673B00E1F2BC /* MemeFortuneTeller */;
			targetProxy = 79EAE0C02E24673E00E1F2BC /* PBXContainerItemProxy */;
		};
		79EAE0CB2E24673E00E1F2BC /* PBXTargetDependency */ = {
			isa = PBXTargetDependency;
			target = 79EAE0B12E24673B00E1F2BC /* MemeFortuneTeller */;
			targetProxy = 79EAE0CA2E24673E00E1F2BC /* PBXContainerItemProxy */;
		};
/* End PBXTargetDependency section */

/* Begin XCBuildConfiguration section */
		79EAE0D12E24673E00E1F2BC /* Debug */ = {
			isa = XCBuildConfiguration;
			buildSettings = {
				ALWAYS_SEARCH_USER_PATHS = NO;
				ASSETCATALOG_COMPILER_GENERATE_SWIFT_ASSET_SYMBOL_EXTENSIONS = YES;
				CLANG_ANALYZER_NONNULL = YES;
				CLANG_ANALYZER_NUMBER_OBJECT_CONVERSION = YES_AGGRESSIVE;
				CLANG_CXX_LANGUAGE_STANDARD = "gnu++20";
				CLANG_ENABLE_MODULES = YES;
				CLANG_ENABLE_OBJC_ARC = YES;
				CLANG_ENABLE_OBJC_WEAK = YES;
				CLANG_WARN_BLOCK_CAPTURE_AUTORELEASING = YES;
				CLANG_WARN_BOOL_CONVERSION = YES;
				CLANG_WARN_COMMA = YES;
				CLANG_WARN_CONSTANT_CONVERSION = YES;
				CLANG_WARN_DEPRECATED_OBJC_IMPLEMENTATIONS = YES;
				CLANG_WARN_DIRECT_OBJC_ISA_USAGE = YES_ERROR;
				CLANG_WARN_DOCUMENTATION_COMMENTS = YES;
				CLANG_WARN_EMPTY_BODY = YES;
				CLANG_WARN_ENUM_CONVERSION = YES;
				CLANG_WARN_INFINITE_RECURSION = YES;
				CLANG_WARN_INT_CONVERSION = YES;
				CLANG_WARN_NON_LITERAL_NULL_CONVERSION = YES;
				CLANG_WARN_OBJC_IMPLICIT_RETAIN_SELF = YES;
				CLANG_WARN_OBJC_LITERAL_CONVERSION = YES;
				CLANG_WARN_OBJC_ROOT_CLASS = YES_ERROR;
				CLANG_WARN_QUOTED_INCLUDE_IN_FRAMEWORK_HEADER = YES;
				CLANG_WARN_RANGE_LOOP_ANALYSIS = YES;
				CLANG_WARN_STRICT_PROTOTYPES = YES;
				CLANG_WARN_SUSPICIOUS_MOVE = YES;
				CLANG_WARN_UNGUARDED_AVAILABILITY = YES_AGGRESSIVE;
				CLANG_WARN_UNREACHABLE_CODE = YES;
				CLANG_WARN__DUPLICATE_METHOD_MATCH = YES;
				COPY_PHASE_STRIP = NO;
				DEBUG_INFORMATION_FORMAT = dwarf;
				DEVELOPMENT_TEAM = X79RZYTLXU;
				ENABLE_STRICT_OBJC_MSGSEND = YES;
				ENABLE_TESTABILITY = YES;
				ENABLE_USER_SCRIPT_SANDBOXING = YES;
				GCC_C_LANGUAGE_STANDARD = gnu17;
				GCC_DYNAMIC_NO_PIC = NO;
				GCC_NO_COMMON_BLOCKS = YES;
				GCC_OPTIMIZATION_LEVEL = 0;
				GCC_PREPROCESSOR_DEFINITIONS = (
					"DEBUG=1",
					"$(inherited)",
				);
				GCC_WARN_64_TO_32_BIT_CONVERSION = YES;
				GCC_WARN_ABOUT_RETURN_TYPE = YES_ERROR;
				GCC_WARN_UNDECLARED_SELECTOR = YES;
				GCC_WARN_UNINITIALIZED_AUTOS = YES_AGGRESSIVE;
				GCC_WARN_UNUSED_FUNCTION = YES;
				GCC_WARN_UNUSED_VARIABLE = YES;
				IPHONEOS_DEPLOYMENT_TARGET = 18.5;
				LOCALIZATION_PREFERS_STRING_CATALOGS = YES;
				MTL_ENABLE_DEBUG_INFO = INCLUDE_SOURCE;
				MTL_FAST_MATH = YES;
				ONLY_ACTIVE_ARCH = YES;
				SDKROOT = iphoneos;
				SWIFT_ACTIVE_COMPILATION_CONDITIONS = "DEBUG $(inherited)";
				SWIFT_OPTIMIZATION_LEVEL = "-Onone";
			};
			name = Debug;
		};
		79EAE0D22E24673E00E1F2BC /* Release */ = {
			isa = XCBuildConfiguration;
			buildSettings = {
				ALWAYS_SEARCH_USER_PATHS = NO;
				ASSETCATALOG_COMPILER_GENERATE_SWIFT_ASSET_SYMBOL_EXTENSIONS = YES;
				CLANG_ANALYZER_NONNULL = YES;
				CLANG_ANALYZER_NUMBER_OBJECT_CONVERSION = YES_AGGRESSIVE;
				CLANG_CXX_LANGUAGE_STANDARD = "gnu++20";
				CLANG_ENABLE_MODULES = YES;
				CLANG_ENABLE_OBJC_ARC = YES;
				CLANG_ENABLE_OBJC_WEAK = YES;
				CLANG_WARN_BLOCK_CAPTURE_AUTORELEASING = YES;
				CLANG_WARN_BOOL_CONVERSION = YES;
				CLANG_WARN_COMMA = YES;
				CLANG_WARN_CONSTANT_CONVERSION = YES;
				CLANG_WARN_DEPRECATED_OBJC_IMPLEMENTATIONS = YES;
				CLANG_WARN_DIRECT_OBJC_ISA_USAGE = YES_ERROR;
				CLANG_WARN_DOCUMENTATION_COMMENTS = YES;
				CLANG_WARN_EMPTY_BODY = YES;
				CLANG_WARN_ENUM_CONVERSION = YES;
				CLANG_WARN_INFINITE_RECURSION = YES;
				CLANG_WARN_INT_CONVERSION = YES;
				CLANG_WARN_NON_LITERAL_NULL_CONVERSION = YES;
				CLANG_WARN_OBJC_IMPLICIT_RETAIN_SELF = YES;
				CLANG_WARN_OBJC_LITERAL_CONVERSION = YES;
				CLANG_WARN_OBJC_ROOT_CLASS = YES_ERROR;
				CLANG_WARN_QUOTED_INCLUDE_IN_FRAMEWORK_HEADER = YES;
				CLANG_WARN_RANGE_LOOP_ANALYSIS = YES;
				CLANG_WARN_STRICT_PROTOTYPES = YES;
				CLANG_WARN_SUSPICIOUS_MOVE = YES;
				CLANG_WARN_UNGUARDED_AVAILABILITY = YES_AGGRESSIVE;
				CLANG_WARN_UNREACHABLE_CODE = YES;
				CLANG_WARN__DUPLICATE_METHOD_MATCH = YES;
				COPY_PHASE_STRIP = NO;
				DEBUG_INFORMATION_FORMAT = "dwarf-with-dsym";
				DEVELOPMENT_TEAM = X79RZYTLXU;
				ENABLE_NS_ASSERTIONS = NO;
				ENABLE_STRICT_OBJC_MSGSEND = YES;
				ENABLE_USER_SCRIPT_SANDBOXING = YES;
				GCC_C_LANGUAGE_STANDARD = gnu17;
				GCC_NO_COMMON_BLOCKS = YES;
				GCC_WARN_64_TO_32_BIT_CONVERSION = YES;
				GCC_WARN_ABOUT_RETURN_TYPE = YES_ERROR;
				GCC_WARN_UNDECLARED_SELECTOR = YES;
				GCC_WARN_UNINITIALIZED_AUTOS = YES_AGGRESSIVE;
				GCC_WARN_UNUSED_FUNCTION = YES;
				GCC_WARN_UNUSED_VARIABLE = YES;
				IPHONEOS_DEPLOYMENT_TARGET = 18.5;
				LOCALIZATION_PREFERS_STRING_CATALOGS = YES;
				MTL_ENABLE_DEBUG_INFO = NO;
				MTL_FAST_MATH = YES;
				SDKROOT = iphoneos;
				SWIFT_COMPILATION_MODE = wholemodule;
				VALIDATE_PRODUCT = YES;
			};
			name = Release;
		};
		79EAE0D42E24673E00E1F2BC /* Debug */ = {
			isa = XCBuildConfiguration;
			buildSettings = {
				ASSETCATALOG_COMPILER_APPICON_NAME = AppIcon;
				ASSETCATALOG_COMPILER_GLOBAL_ACCENT_COLOR_NAME = AccentColor;
				CODE_SIGN_STYLE = Automatic;
				CURRENT_PROJECT_VERSION = 1;
				DEVELOPMENT_TEAM = 37KUSY2NJ4;
				ENABLE_PREVIEWS = YES;
				GENERATE_INFOPLIST_FILE = YES;
				INFOPLIST_KEY_UIApplicationSceneManifest_Generation = YES;
				INFOPLIST_KEY_UIApplicationSupportsIndirectInputEvents = YES;
				INFOPLIST_KEY_UILaunchScreen_Generation = YES;
				INFOPLIST_KEY_UISupportedInterfaceOrientations_iPad = "UIInterfaceOrientationPortrait UIInterfaceOrientationPortraitUpsideDown UIInterfaceOrientationLandscapeLeft UIInterfaceOrientationLandscapeRight";
				INFOPLIST_KEY_UISupportedInterfaceOrientations_iPhone = "UIInterfaceOrientationPortrait UIInterfaceOrientationLandscapeLeft UIInterfaceOrientationLandscapeRight";
				LD_RUNPATH_SEARCH_PATHS = (
					"$(inherited)",
					"@executable_path/Frameworks",
				);
				MARKETING_VERSION = 1.0;
				PRODUCT_BUNDLE_IDENTIFIER = app.macberry.MemeFortuneTeller;
				PRODUCT_NAME = "$(TARGET_NAME)";
				SWIFT_EMIT_LOC_STRINGS = YES;
				SWIFT_VERSION = 5.0;
				TARGETED_DEVICE_FAMILY = "1,2";
			};
			name = Debug;
		};
		79EAE0D52E24673E00E1F2BC /* Release */ = {
			isa = XCBuildConfiguration;
			buildSettings = {
				ASSETCATALOG_COMPILER_APPICON_NAME = AppIcon;
				ASSETCATALOG_COMPILER_GLOBAL_ACCENT_COLOR_NAME = AccentColor;
				CODE_SIGN_STYLE = Automatic;
				CURRENT_PROJECT_VERSION = 1;
				DEVELOPMENT_TEAM = 37KUSY2NJ4;
				ENABLE_PREVIEWS = YES;
				GENERATE_INFOPLIST_FILE = YES;
				INFOPLIST_KEY_UIApplicationSceneManifest_Generation = YES;
				INFOPLIST_KEY_UIApplicationSupportsIndirectInputEvents = YES;
				INFOPLIST_KEY_UILaunchScreen_Generation = YES;
				INFOPLIST_KEY_UISupportedInterfaceOrientations_iPad = "UIInterfaceOrientationPortrait UIInterfaceOrientationPortraitUpsideDown UIInterfaceOrientationLandscapeLeft UIInterfaceOrientationLandscapeRight";
				INFOPLIST_KEY_UISupportedInterfaceOrientations_iPhone = "UIInterfaceOrientationPortrait UIInterfaceOrientationLandscapeLeft UIInterfaceOrientationLandscapeRight";
				LD_RUNPATH_SEARCH_PATHS = (
					"$(inherited)",
					"@executable_path/Frameworks",
				);
				MARKETING_VERSION = 1.0;
				PRODUCT_BUNDLE_IDENTIFIER = app.macberry.MemeFortuneTeller;
				PRODUCT_NAME = "$(TARGET_NAME)";
				SWIFT_EMIT_LOC_STRINGS = YES;
				SWIFT_VERSION = 5.0;
				TARGETED_DEVICE_FAMILY = "1,2";
			};
			name = Release;
		};
		79EAE0D72E24673E00E1F2BC /* Debug */ = {
			isa = XCBuildConfiguration;
			buildSettings = {
				BUNDLE_LOADER = "$(TEST_HOST)";
				CODE_SIGN_STYLE = Automatic;
				CURRENT_PROJECT_VERSION = 1;
				DEVELOPMENT_TEAM = X79RZYTLXU;
				GENERATE_INFOPLIST_FILE = YES;
				IPHONEOS_DEPLOYMENT_TARGET = 18.5;
				MARKETING_VERSION = 1.0;
				PRODUCT_BUNDLE_IDENTIFIER = app.macberry.MemeFortuneTellerTests;
				PRODUCT_NAME = "$(TARGET_NAME)";
				SWIFT_EMIT_LOC_STRINGS = NO;
				SWIFT_VERSION = 5.0;
				TARGETED_DEVICE_FAMILY = "1,2";
				TEST_HOST = "$(BUILT_PRODUCTS_DIR)/MemeFortuneTeller.app/$(BUNDLE_EXECUTABLE_FOLDER_PATH)/MemeFortuneTeller";
			};
			name = Debug;
		};
		79EAE0D82E24673E00E1F2BC /* Release */ = {
			isa = XCBuildConfiguration;
			buildSettings = {
				BUNDLE_LOADER = "$(TEST_HOST)";
				CODE_SIGN_STYLE = Automatic;
				CURRENT_PROJECT_VERSION = 1;
				DEVELOPMENT_TEAM = X79RZYTLXU;
				GENERATE_INFOPLIST_FILE = YES;
				IPHONEOS_DEPLOYMENT_TARGET = 18.5;
				MARKETING_VERSION = 1.0;
				PRODUCT_BUNDLE_IDENTIFIER = app.macberry.MemeFortuneTellerTests;
				PRODUCT_NAME = "$(TARGET_NAME)";
				SWIFT_EMIT_LOC_STRINGS = NO;
				SWIFT_VERSION = 5.0;
				TARGETED_DEVICE_FAMILY = "1,2";
				TEST_HOST = "$(BUILT_PRODUCTS_DIR)/MemeFortuneTeller.app/$(BUNDLE_EXECUTABLE_FOLDER_PATH)/MemeFortuneTeller";
			};
			name = Release;
		};
		79EAE0DA2E24673E00E1F2BC /* Debug */ = {
			isa = XCBuildConfiguration;
			buildSettings = {
				CODE_SIGN_STYLE = Automatic;
				CURRENT_PROJECT_VERSION = 1;
				DEVELOPMENT_TEAM = X79RZYTLXU;
				GENERATE_INFOPLIST_FILE = YES;
				MARKETING_VERSION = 1.0;
				PRODUCT_BUNDLE_IDENTIFIER = app.macberry.MemeFortuneTellerUITests;
				PRODUCT_NAME = "$(TARGET_NAME)";
				SWIFT_EMIT_LOC_STRINGS = NO;
				SWIFT_VERSION = 5.0;
				TARGETED_DEVICE_FAMILY = "1,2";
				TEST_TARGET_NAME = MemeFortuneTeller;
			};
			name = Debug;
		};
		79EAE0DB2E24673E00E1F2BC /* Release */ = {
			isa = XCBuildConfiguration;
			buildSettings = {
				CODE_SIGN_STYLE = Automatic;
				CURRENT_PROJECT_VERSION = 1;
				DEVELOPMENT_TEAM = X79RZYTLXU;
				GENERATE_INFOPLIST_FILE = YES;
				MARKETING_VERSION = 1.0;
				PRODUCT_BUNDLE_IDENTIFIER = app.macberry.MemeFortuneTellerUITests;
				PRODUCT_NAME = "$(TARGET_NAME)";
				SWIFT_EMIT_LOC_STRINGS = NO;
				SWIFT_VERSION = 5.0;
				TARGETED_DEVICE_FAMILY = "1,2";
				TEST_TARGET_NAME = MemeFortuneTeller;
			};
			name = Release;
		};
/* End XCBuildConfiguration section */

/* Begin XCConfigurationList section */
		79EAE0AD2E24673A00E1F2BC /* Build configuration list for PBXProject "MemeFortuneTeller" */ = {
			isa = XCConfigurationList;
			buildConfigurations = (
				79EAE0D12E24673E00E1F2BC /* Debug */,
				79EAE0D22E24673E00E1F2BC /* Release */,
			);
			defaultConfigurationIsVisible = 0;
			defaultConfigurationName = Release;
		};
		79EAE0D32E24673E00E1F2BC /* Build configuration list for PBXNativeTarget "MemeFortuneTeller" */ = {
			isa = XCConfigurationList;
			buildConfigurations = (
				79EAE0D42E24673E00E1F2BC /* Debug */,
				79EAE0D52E24673E00E1F2BC /* Release */,
			);
			defaultConfigurationIsVisible = 0;
			defaultConfigurationName = Release;
		};
		79EAE0D62E24673E00E1F2BC /* Build configuration list for PBXNativeTarget "MemeFortuneTellerTests" */ = {
			isa = XCConfigurationList;
			buildConfigurations = (
				79EAE0D72E24673E00E1F2BC /* Debug */,
				79EAE0D82E24673E00E1F2BC /* Release */,
			);
			defaultConfigurationIsVisible = 0;
			defaultConfigurationName = Release;
		};
		79EAE0D92E24673E00E1F2BC /* Build configuration list for PBXNativeTarget "MemeFortuneTellerUITests" */ = {
			isa = XCConfigurationList;
			buildConfigurations = (
				79EAE0DA2E24673E00E1F2BC /* Debug */,
				79EAE0DB2E24673E00E1F2BC /* Release */,
			);
			defaultConfigurationIsVisible = 0;
			defaultConfigurationName = Release;
		};
/* End XCConfigurationList section */
	};
	rootObject = 79EAE0AA2E24673A00E1F2BC /* Project object */;
}
